
Microsoft Visual Studio Solution File, Format Version 12.00
# Visual Studio Version 17
VisualStudioVersion = 17.5.002.0
MinimumVisualStudioVersion = 10.0.40219.1
Project("{9A19103F-16F7-4668-BE54-9A1E7A4F7556}") = "H002M", "H002M\H002M.csproj", "{D07F5611-6175-4823-A18F-FA698137B5FD}"
EndProject
Project("{9A19103F-16F7-4668-BE54-9A1E7A4F7556}") = "HT001", "HT001\HT001.csproj", "{9F71C2C6-0B16-49E8-85FC-887AF6C365FD}"
EndProject
Project("{9A19103F-16F7-4668-BE54-9A1E7A4F7556}") = "HT001M", "HT001M\HT001M.csproj", "{1CBC3983-0EB2-4BDC-B667-8CC53EF4F8F6}"
EndProject
Project("{9A19103F-16F7-4668-BE54-9A1E7A4F7556}") = "HT002", "HT002\HT002.csproj", "{46712162-82A0-4A93-88B9-74FA013FF006}"
EndProject
Project("{9A19103F-16F7-4668-BE54-9A1E7A4F7556}") = "HT003", "HT003\HT003.csproj", "{4CBBB676-65C1-4CD6-B90E-5DB081F377DC}"
EndProject
Project("{9A19103F-16F7-4668-BE54-9A1E7A4F7556}") = "HT004", "HT004\HT004.csproj", "{0B68D9CF-C9FE-4787-B441-006B30E80535}"
EndProject
Project("{9A19103F-16F7-4668-BE54-9A1E7A4F7556}") = "HT005", "HT005\HT005.csproj", "{4C40014D-60C0-4645-9001-A9AA241C75D0}"
EndProject
Project("{9A19103F-16F7-4668-BE54-9A1E7A4F7556}") = "HT006", "HT006\HT006.csproj", "{34197D04-A8FD-4D92-A92A-B29CAFD3DE54}"
EndProject
Project("{9A19103F-16F7-4668-BE54-9A1E7A4F7556}") = "HT007", "HT007\HT007.csproj", "{EA091FA8-3961-46C9-BE7B-529239D9574F}"
EndProject
Project("{9A19103F-16F7-4668-BE54-9A1E7A4F7556}") = "HT008", "HT008\HT008.csproj", "{DCC8BC21-FE5D-4D9A-BC12-08C7EBEBB473}"
EndProject
Project("{9A19103F-16F7-4668-BE54-9A1E7A4F7556}") = "HT009_Ar", "HT009_Ar\HT009_Ar.csproj", "{73C906C3-3B6F-4798-A2EA-F432D95B0732}"
EndProject
Project("{9A19103F-16F7-4668-BE54-9A1E7A4F7556}") = "HT010_Ar", "HT010_Ar\HT010_Ar.csproj", "{9CF1F1FA-0887-43CB-AF5F-6F33507E7689}"
EndProject
Project("{9A19103F-16F7-4668-BE54-9A1E7A4F7556}") = "HT011_Ar", "HT011_Ar\HT011_Ar.csproj", "{30B7F77C-31E0-40DA-9434-0B00D16F6EFC}"
EndProject
Project("{9A19103F-16F7-4668-BE54-9A1E7A4F7556}") = "HT012", "HT012\HT012.csproj", "{760435EF-ADFF-49EA-B567-1864079FCFDC}"
EndProject
Project("{9A19103F-16F7-4668-BE54-9A1E7A4F7556}") = "HT013", "HT013\HT013.csproj", "{9FA47C42-7566-40B9-B1D5-F38490F3FB03}"
EndProject
Project("{9A19103F-16F7-4668-BE54-9A1E7A4F7556}") = "HT014", "HT014\HT014.csproj", "{0AA27A5E-601D-4415-A69C-41DE104DCA77}"
EndProject
Project("{9A19103F-16F7-4668-BE54-9A1E7A4F7556}") = "HT015_2DAr", "HT015_2DAr\HT015_2DAr.csproj", "{3A82825D-EB06-4FDC-88F0-875E88A43656}"
EndProject
Project("{9A19103F-16F7-4668-BE54-9A1E7A4F7556}") = "HT016_2DAr", "HT016_2DAr\HT016_2DAr.csproj", "{F59CC1F3-AC36-41CD-9901-0E1515BCA7E4}"
EndProject
Project("{9A19103F-16F7-4668-BE54-9A1E7A4F7556}") = "HT017_2DAr", "HT017_2DAr\HT017_2DAr.csproj", "{8F932400-6DBA-4ACC-9253-9A6F20CFE771}"
EndProject
Project("{9A19103F-16F7-4668-BE54-9A1E7A4F7556}") = "HT018_2DAr", "HT018_2DAr\HT018_2DAr.csproj", "{A240A344-D6ED-4212-82AE-D3822116C2C3}"
EndProject
Project("{9A19103F-16F7-4668-BE54-9A1E7A4F7556}") = "Seminar2_001", "Seminar2_001\Seminar2_001.csproj", "{769FA5C2-F129-4B6E-B0E1-9022B4333EFE}"
EndProject
Project("{9A19103F-16F7-4668-BE54-9A1E7A4F7556}") = "Seminar2_002", "Seminar2_002\Seminar2_002.csproj", "{8DEDE59E-0C60-43B1-85B7-42196D4C0215}"
EndProject
Project("{9A19103F-16F7-4668-BE54-9A1E7A4F7556}") = "Seminar2_003", "Seminar2_003\Seminar2_003.csproj", "{06ACEF4A-B1F8-4573-BA97-604AE162E85B}"
EndProject
Project("{9A19103F-16F7-4668-BE54-9A1E7A4F7556}") = "Seminar2_004", "Seminar2_004\Seminar2_004.csproj", "{47790E06-C19C-4DB6-9780-0A27406EEE7E}"
EndProject
Project("{9A19103F-16F7-4668-BE54-9A1E7A4F7556}") = "Seminar3_01", "Seminar3_01\Seminar3_01.csproj", "{54482B4E-6621-4E8C-8A72-98A5D68018AC}"
EndProject
Project("{9A19103F-16F7-4668-BE54-9A1E7A4F7556}") = "Seminar3_02", "Seminar3_02\Seminar3_02.csproj", "{F3649378-7423-45E0-B47A-9EB8B87BF901}"
EndProject
Project("{9A19103F-16F7-4668-BE54-9A1E7A4F7556}") = "Seminar3_03", "Seminar3_03\Seminar3_03.csproj", "{7F75DC0B-FD4C-4627-ACE8-87F8DEFB5C40}"
EndProject
Project("{9A19103F-16F7-4668-BE54-9A1E7A4F7556}") = "Seminar3_04", "Seminar3_04\Seminar3_04.csproj", "{FE7717A7-901D-4548-B05B-13C8757F8D0E}"
EndProject
Project("{9A19103F-16F7-4668-BE54-9A1E7A4F7556}") = "Seminar3_05", "Seminar3_05\Seminar3_05.csproj", "{AC70A689-C645-41B0-8E21-C45D39294129}"
EndProject
Project("{9A19103F-16F7-4668-BE54-9A1E7A4F7556}") = "Seminar3_06", "Seminar3_06\Seminar3_06.csproj", "{0F0B9077-4F42-4B6B-A3DA-0914063ACA67}"
EndProject
Project("{9A19103F-16F7-4668-BE54-9A1E7A4F7556}") = "Seminar4_01", "Seminar4_01\Seminar4_01.csproj", "{C7CD435A-4F15-4587-B6CB-68F0AC582B79}"
EndProject
Project("{9A19103F-16F7-4668-BE54-9A1E7A4F7556}") = "Seminar4_02", "Seminar4_02\Seminar4_02.csproj", "{897622D8-436B-4ED0-811B-023BB98CA0F0}"
EndProject
Project("{9A19103F-16F7-4668-BE54-9A1E7A4F7556}") = "Seminar4_03", "Seminar4_03\Seminar4_03.csproj", "{43A332B0-647E-4304-95B4-5FF5EC3F8481}"
EndProject
Project("{9A19103F-16F7-4668-BE54-9A1E7A4F7556}") = "Seminar4_04", "Seminar4_04\Seminar4_04.csproj", "{F02A723E-B3E0-4F2E-A90F-8632A67FC7E8}"
EndProject
Project("{9A19103F-16F7-4668-BE54-9A1E7A4F7556}") = "Seminar5_01", "Seminar5_01\Seminar5_01.csproj", "{CB2CD11D-D8BA-4FF6-A867-1E6A3F641B41}"
EndProject
Project("{9A19103F-16F7-4668-BE54-9A1E7A4F7556}") = "Seminar5_02", "Seminar5_02\Seminar5_02.csproj", "{70F13CBD-564C-4B71-A7C1-CCA972DF77DC}"
EndProject
Project("{9A19103F-16F7-4668-BE54-9A1E7A4F7556}") = "Seminar5_03", "Seminar5_03\Seminar5_03.csproj", "{92BCAAEB-8133-491C-9C70-9B73B451D181}"
EndProject
Project("{9A19103F-16F7-4668-BE54-9A1E7A4F7556}") = "Seminar5_04", "Seminar5_04\Seminar5_04.csproj", "{A2C41375-D42A-4EE5-A53E-F2F7A917C99F}"
EndProject
Project("{9A19103F-16F7-4668-BE54-9A1E7A4F7556}") = "Seminar5_05", "Seminar5_05\Seminar5_05.csproj", "{B78EFBF1-705F-4873-ADCB-5DC4E6346271}"
EndProject
Project("{9A19103F-16F7-4668-BE54-9A1E7A4F7556}") = "Seminar6_01", "Seminar6_01\Seminar6_01.csproj", "{4F7E6A83-1639-4381-A054-770B01040147}"
EndProject
Project("{9A19103F-16F7-4668-BE54-9A1E7A4F7556}") = "Seminar6_02", "Seminar6_02\Seminar6_02.csproj", "{89DAB98B-FB57-4C5D-B55E-2BC85F881B33}"
EndProject
Project("{9A19103F-16F7-4668-BE54-9A1E7A4F7556}") = "Seminar6_03", "Seminar6_03\Seminar6_03.csproj", "{B10D49C3-D852-4695-922B-7C6BD0E4D527}"
EndProject
Project("{9A19103F-16F7-4668-BE54-9A1E7A4F7556}") = "Seminar6_04", "Seminar6_04\Seminar6_04.csproj", "{F38269CC-3F76-44E5-A2CB-ADFF51AFD747}"
EndProject
Project("{9A19103F-16F7-4668-BE54-9A1E7A4F7556}") = "Seminars6_05", "Seminars6_05\Seminars6_05.csproj", "{03043224-0F58-4C76-808D-184BBC9F5047}"
EndProject
Global
	GlobalSection(SolutionConfigurationPlatforms) = preSolution
		Debug|Any CPU = Debug|Any CPU
		Release|Any CPU = Release|Any CPU
	EndGlobalSection
	GlobalSection(ProjectConfigurationPlatforms) = postSolution
		{D07F5611-6175-4823-A18F-FA698137B5FD}.Debug|Any CPU.ActiveCfg = Debug|Any CPU
		{D07F5611-6175-4823-A18F-FA698137B5FD}.Debug|Any CPU.Build.0 = Debug|Any CPU
		{D07F5611-6175-4823-A18F-FA698137B5FD}.Release|Any CPU.ActiveCfg = Release|Any CPU
		{D07F5611-6175-4823-A18F-FA698137B5FD}.Release|Any CPU.Build.0 = Release|Any CPU
		{9F71C2C6-0B16-49E8-85FC-887AF6C365FD}.Debug|Any CPU.ActiveCfg = Debug|Any CPU
		{9F71C2C6-0B16-49E8-85FC-887AF6C365FD}.Debug|Any CPU.Build.0 = Debug|Any CPU
		{9F71C2C6-0B16-49E8-85FC-887AF6C365FD}.Release|Any CPU.ActiveCfg = Release|Any CPU
		{9F71C2C6-0B16-49E8-85FC-887AF6C365FD}.Release|Any CPU.Build.0 = Release|Any CPU
		{1CBC3983-0EB2-4BDC-B667-8CC53EF4F8F6}.Debug|Any CPU.ActiveCfg = Debug|Any CPU
		{1CBC3983-0EB2-4BDC-B667-8CC53EF4F8F6}.Debug|Any CPU.Build.0 = Debug|Any CPU
		{1CBC3983-0EB2-4BDC-B667-8CC53EF4F8F6}.Release|Any CPU.ActiveCfg = Release|Any CPU
		{1CBC3983-0EB2-4BDC-B667-8CC53EF4F8F6}.Release|Any CPU.Build.0 = Release|Any CPU
		{46712162-82A0-4A93-88B9-74FA013FF006}.Debug|Any CPU.ActiveCfg = Debug|Any CPU
		{46712162-82A0-4A93-88B9-74FA013FF006}.Debug|Any CPU.Build.0 = Debug|Any CPU
		{46712162-82A0-4A93-88B9-74FA013FF006}.Release|Any CPU.ActiveCfg = Release|Any CPU
		{46712162-82A0-4A93-88B9-74FA013FF006}.Release|Any CPU.Build.0 = Release|Any CPU
		{4CBBB676-65C1-4CD6-B90E-5DB081F377DC}.Debug|Any CPU.ActiveCfg = Debug|Any CPU
		{4CBBB676-65C1-4CD6-B90E-5DB081F377DC}.Debug|Any CPU.Build.0 = Debug|Any CPU
		{4CBBB676-65C1-4CD6-B90E-5DB081F377DC}.Release|Any CPU.ActiveCfg = Release|Any CPU
		{4CBBB676-65C1-4CD6-B90E-5DB081F377DC}.Release|Any CPU.Build.0 = Release|Any CPU
		{0B68D9CF-C9FE-4787-B441-006B30E80535}.Debug|Any CPU.ActiveCfg = Debug|Any CPU
		{0B68D9CF-C9FE-4787-B441-006B30E80535}.Debug|Any CPU.Build.0 = Debug|Any CPU
		{0B68D9CF-C9FE-4787-B441-006B30E80535}.Release|Any CPU.ActiveCfg = Release|Any CPU
		{0B68D9CF-C9FE-4787-B441-006B30E80535}.Release|Any CPU.Build.0 = Release|Any CPU
		{4C40014D-60C0-4645-9001-A9AA241C75D0}.Debug|Any CPU.ActiveCfg = Debug|Any CPU
		{4C40014D-60C0-4645-9001-A9AA241C75D0}.Debug|Any CPU.Build.0 = Debug|Any CPU
		{4C40014D-60C0-4645-9001-A9AA241C75D0}.Release|Any CPU.ActiveCfg = Release|Any CPU
		{4C40014D-60C0-4645-9001-A9AA241C75D0}.Release|Any CPU.Build.0 = Release|Any CPU
		{34197D04-A8FD-4D92-A92A-B29CAFD3DE54}.Debug|Any CPU.ActiveCfg = Debug|Any CPU
		{34197D04-A8FD-4D92-A92A-B29CAFD3DE54}.Debug|Any CPU.Build.0 = Debug|Any CPU
		{34197D04-A8FD-4D92-A92A-B29CAFD3DE54}.Release|Any CPU.ActiveCfg = Release|Any CPU
		{34197D04-A8FD-4D92-A92A-B29CAFD3DE54}.Release|Any CPU.Build.0 = Release|Any CPU
		{EA091FA8-3961-46C9-BE7B-529239D9574F}.Debug|Any CPU.ActiveCfg = Debug|Any CPU
		{EA091FA8-3961-46C9-BE7B-529239D9574F}.Debug|Any CPU.Build.0 = Debug|Any CPU
		{EA091FA8-3961-46C9-BE7B-529239D9574F}.Release|Any CPU.ActiveCfg = Release|Any CPU
		{EA091FA8-3961-46C9-BE7B-529239D9574F}.Release|Any CPU.Build.0 = Release|Any CPU
		{DCC8BC21-FE5D-4D9A-BC12-08C7EBEBB473}.Debug|Any CPU.ActiveCfg = Debug|Any CPU
		{DCC8BC21-FE5D-4D9A-BC12-08C7EBEBB473}.Debug|Any CPU.Build.0 = Debug|Any CPU
		{DCC8BC21-FE5D-4D9A-BC12-08C7EBEBB473}.Release|Any CPU.ActiveCfg = Release|Any CPU
		{DCC8BC21-FE5D-4D9A-BC12-08C7EBEBB473}.Release|Any CPU.Build.0 = Release|Any CPU
		{73C906C3-3B6F-4798-A2EA-F432D95B0732}.Debug|Any CPU.ActiveCfg = Debug|Any CPU
		{73C906C3-3B6F-4798-A2EA-F432D95B0732}.Debug|Any CPU.Build.0 = Debug|Any CPU
		{73C906C3-3B6F-4798-A2EA-F432D95B0732}.Release|Any CPU.ActiveCfg = Release|Any CPU
		{73C906C3-3B6F-4798-A2EA-F432D95B0732}.Release|Any CPU.Build.0 = Release|Any CPU
		{9CF1F1FA-0887-43CB-AF5F-6F33507E7689}.Debug|Any CPU.ActiveCfg = Debug|Any CPU
		{9CF1F1FA-0887-43CB-AF5F-6F33507E7689}.Debug|Any CPU.Build.0 = Debug|Any CPU
		{9CF1F1FA-0887-43CB-AF5F-6F33507E7689}.Release|Any CPU.ActiveCfg = Release|Any CPU
		{9CF1F1FA-0887-43CB-AF5F-6F33507E7689}.Release|Any CPU.Build.0 = Release|Any CPU
		{30B7F77C-31E0-40DA-9434-0B00D16F6EFC}.Debug|Any CPU.ActiveCfg = Debug|Any CPU
		{30B7F77C-31E0-40DA-9434-0B00D16F6EFC}.Debug|Any CPU.Build.0 = Debug|Any CPU
		{30B7F77C-31E0-40DA-9434-0B00D16F6EFC}.Release|Any CPU.ActiveCfg = Release|Any CPU
		{30B7F77C-31E0-40DA-9434-0B00D16F6EFC}.Release|Any CPU.Build.0 = Release|Any CPU
		{760435EF-ADFF-49EA-B567-1864079FCFDC}.Debug|Any CPU.ActiveCfg = Debug|Any CPU
		{760435EF-ADFF-49EA-B567-1864079FCFDC}.Debug|Any CPU.Build.0 = Debug|Any CPU
		{760435EF-ADFF-49EA-B567-1864079FCFDC}.Release|Any CPU.ActiveCfg = Release|Any CPU
		{760435EF-ADFF-49EA-B567-1864079FCFDC}.Release|Any CPU.Build.0 = Release|Any CPU
		{9FA47C42-7566-40B9-B1D5-F38490F3FB03}.Debug|Any CPU.ActiveCfg = Debug|Any CPU
		{9FA47C42-7566-40B9-B1D5-F38490F3FB03}.Debug|Any CPU.Build.0 = Debug|Any CPU
		{9FA47C42-7566-40B9-B1D5-F38490F3FB03}.Release|Any CPU.ActiveCfg = Release|Any CPU
		{9FA47C42-7566-40B9-B1D5-F38490F3FB03}.Release|Any CPU.Build.0 = Release|Any CPU
		{0AA27A5E-601D-4415-A69C-41DE104DCA77}.Debug|Any CPU.ActiveCfg = Debug|Any CPU
		{0AA27A5E-601D-4415-A69C-41DE104DCA77}.Debug|Any CPU.Build.0 = Debug|Any CPU
		{0AA27A5E-601D-4415-A69C-41DE104DCA77}.Release|Any CPU.ActiveCfg = Release|Any CPU
		{0AA27A5E-601D-4415-A69C-41DE104DCA77}.Release|Any CPU.Build.0 = Release|Any CPU
		{3A82825D-EB06-4FDC-88F0-875E88A43656}.Debug|Any CPU.ActiveCfg = Debug|Any CPU
		{3A82825D-EB06-4FDC-88F0-875E88A43656}.Debug|Any CPU.Build.0 = Debug|Any CPU
		{3A82825D-EB06-4FDC-88F0-875E88A43656}.Release|Any CPU.ActiveCfg = Release|Any CPU
		{3A82825D-EB06-4FDC-88F0-875E88A43656}.Release|Any CPU.Build.0 = Release|Any CPU
		{F59CC1F3-AC36-41CD-9901-0E1515BCA7E4}.Debug|Any CPU.ActiveCfg = Debug|Any CPU
		{F59CC1F3-AC36-41CD-9901-0E1515BCA7E4}.Debug|Any CPU.Build.0 = Debug|Any CPU
		{F59CC1F3-AC36-41CD-9901-0E1515BCA7E4}.Release|Any CPU.ActiveCfg = Release|Any CPU
		{F59CC1F3-AC36-41CD-9901-0E1515BCA7E4}.Release|Any CPU.Build.0 = Release|Any CPU
		{8F932400-6DBA-4ACC-9253-9A6F20CFE771}.Debug|Any CPU.ActiveCfg = Debug|Any CPU
		{8F932400-6DBA-4ACC-9253-9A6F20CFE771}.Debug|Any CPU.Build.0 = Debug|Any CPU
		{8F932400-6DBA-4ACC-9253-9A6F20CFE771}.Release|Any CPU.ActiveCfg = Release|Any CPU
		{8F932400-6DBA-4ACC-9253-9A6F20CFE771}.Release|Any CPU.Build.0 = Release|Any CPU
		{A240A344-D6ED-4212-82AE-D3822116C2C3}.Debug|Any CPU.ActiveCfg = Debug|Any CPU
		{A240A344-D6ED-4212-82AE-D3822116C2C3}.Debug|Any CPU.Build.0 = Debug|Any CPU
		{A240A344-D6ED-4212-82AE-D3822116C2C3}.Release|Any CPU.ActiveCfg = Release|Any CPU
		{A240A344-D6ED-4212-82AE-D3822116C2C3}.Release|Any CPU.Build.0 = Release|Any CPU
		{769FA5C2-F129-4B6E-B0E1-9022B4333EFE}.Debug|Any CPU.ActiveCfg = Debug|Any CPU
		{769FA5C2-F129-4B6E-B0E1-9022B4333EFE}.Debug|Any CPU.Build.0 = Debug|Any CPU
		{769FA5C2-F129-4B6E-B0E1-9022B4333EFE}.Release|Any CPU.ActiveCfg = Release|Any CPU
		{769FA5C2-F129-4B6E-B0E1-9022B4333EFE}.Release|Any CPU.Build.0 = Release|Any CPU
		{8DEDE59E-0C60-43B1-85B7-42196D4C0215}.Debug|Any CPU.ActiveCfg = Debug|Any CPU
		{8DEDE59E-0C60-43B1-85B7-42196D4C0215}.Debug|Any CPU.Build.0 = Debug|Any CPU
		{8DEDE59E-0C60-43B1-85B7-42196D4C0215}.Release|Any CPU.ActiveCfg = Release|Any CPU
		{8DEDE59E-0C60-43B1-85B7-42196D4C0215}.Release|Any CPU.Build.0 = Release|Any CPU
		{06ACEF4A-B1F8-4573-BA97-604AE162E85B}.Debug|Any CPU.ActiveCfg = Debug|Any CPU
		{06ACEF4A-B1F8-4573-BA97-604AE162E85B}.Debug|Any CPU.Build.0 = Debug|Any CPU
		{06ACEF4A-B1F8-4573-BA97-604AE162E85B}.Release|Any CPU.ActiveCfg = Release|Any CPU
		{06ACEF4A-B1F8-4573-BA97-604AE162E85B}.Release|Any CPU.Build.0 = Release|Any CPU
		{47790E06-C19C-4DB6-9780-0A27406EEE7E}.Debug|Any CPU.ActiveCfg = Debug|Any CPU
		{47790E06-C19C-4DB6-9780-0A27406EEE7E}.Debug|Any CPU.Build.0 = Debug|Any CPU
		{47790E06-C19C-4DB6-9780-0A27406EEE7E}.Release|Any CPU.ActiveCfg = Release|Any CPU
		{47790E06-C19C-4DB6-9780-0A27406EEE7E}.Release|Any CPU.Build.0 = Release|Any CPU
		{54482B4E-6621-4E8C-8A72-98A5D68018AC}.Debug|Any CPU.ActiveCfg = Debug|Any CPU
		{54482B4E-6621-4E8C-8A72-98A5D68018AC}.Debug|Any CPU.Build.0 = Debug|Any CPU
		{54482B4E-6621-4E8C-8A72-98A5D68018AC}.Release|Any CPU.ActiveCfg = Release|Any CPU
		{54482B4E-6621-4E8C-8A72-98A5D68018AC}.Release|Any CPU.Build.0 = Release|Any CPU
		{F3649378-7423-45E0-B47A-9EB8B87BF901}.Debug|Any CPU.ActiveCfg = Debug|Any CPU
		{F3649378-7423-45E0-B47A-9EB8B87BF901}.Debug|Any CPU.Build.0 = Debug|Any CPU
		{F3649378-7423-45E0-B47A-9EB8B87BF901}.Release|Any CPU.ActiveCfg = Release|Any CPU
		{F3649378-7423-45E0-B47A-9EB8B87BF901}.Release|Any CPU.Build.0 = Release|Any CPU
		{7F75DC0B-FD4C-4627-ACE8-87F8DEFB5C40}.Debug|Any CPU.ActiveCfg = Debug|Any CPU
		{7F75DC0B-FD4C-4627-ACE8-87F8DEFB5C40}.Debug|Any CPU.Build.0 = Debug|Any CPU
		{7F75DC0B-FD4C-4627-ACE8-87F8DEFB5C40}.Release|Any CPU.ActiveCfg = Release|Any CPU
		{7F75DC0B-FD4C-4627-ACE8-87F8DEFB5C40}.Release|Any CPU.Build.0 = Release|Any CPU
		{FE7717A7-901D-4548-B05B-13C8757F8D0E}.Debug|Any CPU.ActiveCfg = Debug|Any CPU
		{FE7717A7-901D-4548-B05B-13C8757F8D0E}.Debug|Any CPU.Build.0 = Debug|Any CPU
		{FE7717A7-901D-4548-B05B-13C8757F8D0E}.Release|Any CPU.ActiveCfg = Release|Any CPU
		{FE7717A7-901D-4548-B05B-13C8757F8D0E}.Release|Any CPU.Build.0 = Release|Any CPU
		{AC70A689-C645-41B0-8E21-C45D39294129}.Debug|Any CPU.ActiveCfg = Debug|Any CPU
		{AC70A689-C645-41B0-8E21-C45D39294129}.Debug|Any CPU.Build.0 = Debug|Any CPU
		{AC70A689-C645-41B0-8E21-C45D39294129}.Release|Any CPU.ActiveCfg = Release|Any CPU
		{AC70A689-C645-41B0-8E21-C45D39294129}.Release|Any CPU.Build.0 = Release|Any CPU
		{0F0B9077-4F42-4B6B-A3DA-0914063ACA67}.Debug|Any CPU.ActiveCfg = Debug|Any CPU
		{0F0B9077-4F42-4B6B-A3DA-0914063ACA67}.Debug|Any CPU.Build.0 = Debug|Any CPU
		{0F0B9077-4F42-4B6B-A3DA-0914063ACA67}.Release|Any CPU.ActiveCfg = Release|Any CPU
		{0F0B9077-4F42-4B6B-A3DA-0914063ACA67}.Release|Any CPU.Build.0 = Release|Any CPU
		{C7CD435A-4F15-4587-B6CB-68F0AC582B79}.Debug|Any CPU.ActiveCfg = Debug|Any CPU
		{C7CD435A-4F15-4587-B6CB-68F0AC582B79}.Debug|Any CPU.Build.0 = Debug|Any CPU
		{C7CD435A-4F15-4587-B6CB-68F0AC582B79}.Release|Any CPU.ActiveCfg = Release|Any CPU
		{C7CD435A-4F15-4587-B6CB-68F0AC582B79}.Release|Any CPU.Build.0 = Release|Any CPU
		{897622D8-436B-4ED0-811B-023BB98CA0F0}.Debug|Any CPU.ActiveCfg = Debug|Any CPU
		{897622D8-436B-4ED0-811B-023BB98CA0F0}.Debug|Any CPU.Build.0 = Debug|Any CPU
		{897622D8-436B-4ED0-811B-023BB98CA0F0}.Release|Any CPU.ActiveCfg = Release|Any CPU
		{897622D8-436B-4ED0-811B-023BB98CA0F0}.Release|Any CPU.Build.0 = Release|Any CPU
		{43A332B0-647E-4304-95B4-5FF5EC3F8481}.Debug|Any CPU.ActiveCfg = Debug|Any CPU
		{43A332B0-647E-4304-95B4-5FF5EC3F8481}.Debug|Any CPU.Build.0 = Debug|Any CPU
		{43A332B0-647E-4304-95B4-5FF5EC3F8481}.Release|Any CPU.ActiveCfg = Release|Any CPU
		{43A332B0-647E-4304-95B4-5FF5EC3F8481}.Release|Any CPU.Build.0 = Release|Any CPU
		{F02A723E-B3E0-4F2E-A90F-8632A67FC7E8}.Debug|Any CPU.ActiveCfg = Debug|Any CPU
		{F02A723E-B3E0-4F2E-A90F-8632A67FC7E8}.Debug|Any CPU.Build.0 = Debug|Any CPU
		{F02A723E-B3E0-4F2E-A90F-8632A67FC7E8}.Release|Any CPU.ActiveCfg = Release|Any CPU
		{F02A723E-B3E0-4F2E-A90F-8632A67FC7E8}.Release|Any CPU.Build.0 = Release|Any CPU
		{CB2CD11D-D8BA-4FF6-A867-1E6A3F641B41}.Debug|Any CPU.ActiveCfg = Debug|Any CPU
		{CB2CD11D-D8BA-4FF6-A867-1E6A3F641B41}.Debug|Any CPU.Build.0 = Debug|Any CPU
		{CB2CD11D-D8BA-4FF6-A867-1E6A3F641B41}.Release|Any CPU.ActiveCfg = Release|Any CPU
		{CB2CD11D-D8BA-4FF6-A867-1E6A3F641B41}.Release|Any CPU.Build.0 = Release|Any CPU
		{70F13CBD-564C-4B71-A7C1-CCA972DF77DC}.Debug|Any CPU.ActiveCfg = Debug|Any CPU
		{70F13CBD-564C-4B71-A7C1-CCA972DF77DC}.Debug|Any CPU.Build.0 = Debug|Any CPU
		{70F13CBD-564C-4B71-A7C1-CCA972DF77DC}.Release|Any CPU.ActiveCfg = Release|Any CPU
		{70F13CBD-564C-4B71-A7C1-CCA972DF77DC}.Release|Any CPU.Build.0 = Release|Any CPU
		{92BCAAEB-8133-491C-9C70-9B73B451D181}.Debug|Any CPU.ActiveCfg = Debug|Any CPU
		{92BCAAEB-8133-491C-9C70-9B73B451D181}.Debug|Any CPU.Build.0 = Debug|Any CPU
		{92BCAAEB-8133-491C-9C70-9B73B451D181}.Release|Any CPU.ActiveCfg = Release|Any CPU
		{92BCAAEB-8133-491C-9C70-9B73B451D181}.Release|Any CPU.Build.0 = Release|Any CPU
		{A2C41375-D42A-4EE5-A53E-F2F7A917C99F}.Debug|Any CPU.ActiveCfg = Debug|Any CPU
		{A2C41375-D42A-4EE5-A53E-F2F7A917C99F}.Debug|Any CPU.Build.0 = Debug|Any CPU
		{A2C41375-D42A-4EE5-A53E-F2F7A917C99F}.Release|Any CPU.ActiveCfg = Release|Any CPU
		{A2C41375-D42A-4EE5-A53E-F2F7A917C99F}.Release|Any CPU.Build.0 = Release|Any CPU
		{B78EFBF1-705F-4873-ADCB-5DC4E6346271}.Debug|Any CPU.ActiveCfg = Debug|Any CPU
		{B78EFBF1-705F-4873-ADCB-5DC4E6346271}.Debug|Any CPU.Build.0 = Debug|Any CPU
		{B78EFBF1-705F-4873-ADCB-5DC4E6346271}.Release|Any CPU.ActiveCfg = Release|Any CPU
		{B78EFBF1-705F-4873-ADCB-5DC4E6346271}.Release|Any CPU.Build.0 = Release|Any CPU
		{4F7E6A83-1639-4381-A054-770B01040147}.Debug|Any CPU.ActiveCfg = Debug|Any CPU
		{4F7E6A83-1639-4381-A054-770B01040147}.Debug|Any CPU.Build.0 = Debug|Any CPU
		{4F7E6A83-1639-4381-A054-770B01040147}.Release|Any CPU.ActiveCfg = Release|Any CPU
		{4F7E6A83-1639-4381-A054-770B01040147}.Release|Any CPU.Build.0 = Release|Any CPU
		{89DAB98B-FB57-4C5D-B55E-2BC85F881B33}.Debug|Any CPU.ActiveCfg = Debug|Any CPU
		{89DAB98B-FB57-4C5D-B55E-2BC85F881B33}.Debug|Any CPU.Build.0 = Debug|Any CPU
		{89DAB98B-FB57-4C5D-B55E-2BC85F881B33}.Release|Any CPU.ActiveCfg = Release|Any CPU
		{89DAB98B-FB57-4C5D-B55E-2BC85F881B33}.Release|Any CPU.Build.0 = Release|Any CPU
		{B10D49C3-D852-4695-922B-7C6BD0E4D527}.Debug|Any CPU.ActiveCfg = Debug|Any CPU
		{B10D49C3-D852-4695-922B-7C6BD0E4D527}.Debug|Any CPU.Build.0 = Debug|Any CPU
		{B10D49C3-D852-4695-922B-7C6BD0E4D527}.Release|Any CPU.ActiveCfg = Release|Any CPU
		{B10D49C3-D852-4695-922B-7C6BD0E4D527}.Release|Any CPU.Build.0 = Release|Any CPU
		{F38269CC-3F76-44E5-A2CB-ADFF51AFD747}.Debug|Any CPU.ActiveCfg = Debug|Any CPU
		{F38269CC-3F76-44E5-A2CB-ADFF51AFD747}.Debug|Any CPU.Build.0 = Debug|Any CPU
		{F38269CC-3F76-44E5-A2CB-ADFF51AFD747}.Release|Any CPU.ActiveCfg = Release|Any CPU
		{F38269CC-3F76-44E5-A2CB-ADFF51AFD747}.Release|Any CPU.Build.0 = Release|Any CPU
		{03043224-0F58-4C76-808D-184BBC9F5047}.Debug|Any CPU.ActiveCfg = Debug|Any CPU
		{03043224-0F58-4C76-808D-184BBC9F5047}.Debug|Any CPU.Build.0 = Debug|Any CPU
		{03043224-0F58-4C76-808D-184BBC9F5047}.Release|Any CPU.ActiveCfg = Release|Any CPU
		{03043224-0F58-4C76-808D-184BBC9F5047}.Release|Any CPU.Build.0 = Release|Any CPU
	EndGlobalSection
	GlobalSection(SolutionProperties) = preSolution
		HideSolutionNode = FALSE
	EndGlobalSection
	GlobalSection(ExtensibilityGlobals) = postSolution
		SolutionGuid = {7E96C896-D751-445C-A84E-2D7290839046}
	EndGlobalSection
EndGlobal
